
Microsoft Visual Studio Solution File, Format Version 12.00
# Visual Studio Version 17
VisualStudioVersion = 17.1.32421.90
MinimumVisualStudioVersion = 10.0.40219.1
Project("{E24C65DC-7377-472B-9ABA-BC803B73C61A}") = "Software", ".", "{254DA727-FE73-48A7-ACFD-922FFC3479D0}"
	ProjectSection(WebsiteProperties) = preProject
		TargetFrameworkMoniker = ".NETFramework,Version%3Dv4.8"
		Debug.AspNetCompiler.VirtualPath = "/localhost_55192"
		Debug.AspNetCompiler.PhysicalPath = "..\..\..\MEOCloud\Grilo Car Service\Software\"
		Debug.AspNetCompiler.TargetPath = "PrecompiledWeb\localhost_55192\"
		Debug.AspNetCompiler.Updateable = "true"
		Debug.AspNetCompiler.ForceOverwrite = "true"
		Debug.AspNetCompiler.FixedNames = "false"
		Debug.AspNetCompiler.Debug = "True"
		Release.AspNetCompiler.VirtualPath = "/localhost_55192"
		Release.AspNetCompiler.PhysicalPath = "..\..\..\MEOCloud\Grilo Car Service\Software\"
		Release.AspNetCompiler.TargetPath = "PrecompiledWeb\localhost_55192\"
		Release.AspNetCompiler.Updateable = "true"
		Release.AspNetCompiler.ForceOverwrite = "true"
		Release.AspNetCompiler.FixedNames = "false"
		Release.AspNetCompiler.Debug = "False"
		VWDPort = "55192"
	EndProjectSection
EndProject
Global
	GlobalSection(SolutionConfigurationPlatforms) = preSolution
		Debug|Any CPU = Debug|Any CPU
	EndGlobalSection
	GlobalSection(ProjectConfigurationPlatforms) = postSolution
		{254DA727-FE73-48A7-ACFD-922FFC3479D0}.Debug|Any CPU.ActiveCfg = Debug|Any CPU
		{254DA727-FE73-48A7-ACFD-922FFC3479D0}.Debug|Any CPU.Build.0 = Debug|Any CPU
	EndGlobalSection
	GlobalSection(SolutionProperties) = preSolution
		HideSolutionNode = FALSE
	EndGlobalSection
	GlobalSection(ExtensibilityGlobals) = postSolution
		SolutionGuid = {4C60C393-21E1-4249-904F-697EE5908D0C}
	EndGlobalSection
EndGlobal
